# THIS IS AN AUTOGENERATED FILE. DO NOT EDIT THIS FILE DIRECTLY.
# yarn lockfile v1


google-timezones-json@^1.0.2:
  version "1.0.2"
  resolved "https://registry.yarnpkg.com/google-timezones-json/-/google-timezones-json-1.0.2.tgz#6800000d7ebc2dd660611aad8c1c68196db78cab"
  integrity sha512-UWXQ7BpSCW8erDespU2I4cri22xsKgwOCyhsJal0OJhi2tFpwJpsYNJt4vCiFPL1p2HzCGiS713LKpNR25n9Kg==
